// !$*UTF8*$!
{
	archiveVersion = 1;
	classes = {
	};
	objectVersion = 55;
	objects = {

/* Begin PBXBuildFile section */
		0B34B2A827D9F232005781A0 /* AppDelegate.swift in Sources */ = {isa = PBXBuildFile; fileRef = 0B34B2A727D9F232005781A0 /* AppDelegate.swift */; };
		0B34B2AA27D9F232005781A0 /* SceneDelegate.swift in Sources */ = {isa = PBXBuildFile; fileRef = 0B34B2A927D9F232005781A0 /* SceneDelegate.swift */; };
		0B34B2AC27D9F232005781A0 /* ViewController.swift in Sources */ = {isa = PBXBuildFile; fileRef = 0B34B2AB27D9F232005781A0 /* ViewController.swift */; };
		0B34B2AF27D9F232005781A0 /* Main.storyboard in Resources */ = {isa = PBXBuildFile; fileRef = 0B34B2AD27D9F232005781A0 /* Main.storyboard */; };
		0B34B2B127D9F233005781A0 /* Assets.xcassets in Resources */ = {isa = PBXBuildFile; fileRef = 0B34B2B027D9F233005781A0 /* Assets.xcassets */; };
		0B34B2B427D9F233005781A0 /* LaunchScreen.storyboard in Resources */ = {isa = PBXBuildFile; fileRef = 0B34B2B227D9F233005781A0 /* LaunchScreen.storyboard */; };
		0B34B2BF27D9F233005781A0 /* Chat_MVVM_FirestoreTests.swift in Sources */ = {isa = PBXBuildFile; fileRef = 0B34B2BE27D9F233005781A0 /* Chat_MVVM_FirestoreTests.swift */; };
		0B34B2C927D9F233005781A0 /* Chat_MVVM_FirestoreUITests.swift in Sources */ = {isa = PBXBuildFile; fileRef = 0B34B2C827D9F233005781A0 /* Chat_MVVM_FirestoreUITests.swift */; };
		0B34B2CB27D9F233005781A0 /* Chat_MVVM_FirestoreUITestsLaunchTests.swift in Sources */ = {isa = PBXBuildFile; fileRef = 0B34B2CA27D9F233005781A0 /* Chat_MVVM_FirestoreUITestsLaunchTests.swift */; };
		0B34B2D827D9F266005781A0 /* ConversationsController.swift in Sources */ = {isa = PBXBuildFile; fileRef = 0B34B2D727D9F266005781A0 /* ConversationsController.swift */; };
		0BC4382527D9F4D300C1885C /* LoginController.swift in Sources */ = {isa = PBXBuildFile; fileRef = 0BC4382427D9F4D300C1885C /* LoginController.swift */; };
		0BC4382727D9F4DD00C1885C /* RegistrationController.swift in Sources */ = {isa = PBXBuildFile; fileRef = 0BC4382627D9F4DD00C1885C /* RegistrationController.swift */; };
		0BC4382A27D9FFE600C1885C /* UIView+Extension.swift in Sources */ = {isa = PBXBuildFile; fileRef = 0BC4382927D9FFE600C1885C /* UIView+Extension.swift */; };
		0BC4382D27DA276800C1885C /* InputContainerView.swift in Sources */ = {isa = PBXBuildFile; fileRef = 0BC4382C27DA276800C1885C /* InputContainerView.swift */; };
		0BC4382F27DA590400C1885C /* CustomTextField.swift in Sources */ = {isa = PBXBuildFile; fileRef = 0BC4382E27DA590400C1885C /* CustomTextField.swift */; };
/* End PBXBuildFile section */

/* Begin PBXContainerItemProxy section */
		0B34B2BB27D9F233005781A0 /* PBXContainerItemProxy */ = {
			isa = PBXContainerItemProxy;
			containerPortal = 0B34B29C27D9F232005781A0 /* Project object */;
			proxyType = 1;
			remoteGlobalIDString = 0B34B2A327D9F232005781A0;
			remoteInfo = Chat_MVVM_Firestore;
		};
		0B34B2C527D9F233005781A0 /* PBXContainerItemProxy */ = {
			isa = PBXContainerItemProxy;
			containerPortal = 0B34B29C27D9F232005781A0 /* Project object */;
			proxyType = 1;
			remoteGlobalIDString = 0B34B2A327D9F232005781A0;
			remoteInfo = Chat_MVVM_Firestore;
		};
/* End PBXContainerItemProxy section */

/* Begin PBXFileReference section */
		0B34B2A427D9F232005781A0 /* Chat_MVVM_Firestore.app */ = {isa = PBXFileReference; explicitFileType = wrapper.application; includeInIndex = 0; path = Chat_MVVM_Firestore.app; sourceTree = BUILT_PRODUCTS_DIR; };
		0B34B2A727D9F232005781A0 /* AppDelegate.swift */ = {isa = PBXFileReference; lastKnownFileType = sourcecode.swift; path = AppDelegate.swift; sourceTree = "<group>"; };
		0B34B2A927D9F232005781A0 /* SceneDelegate.swift */ = {isa = PBXFileReference; lastKnownFileType = sourcecode.swift; path = SceneDelegate.swift; sourceTree = "<group>"; };
		0B34B2AB27D9F232005781A0 /* ViewController.swift */ = {isa = PBXFileReference; lastKnownFileType = sourcecode.swift; path = ViewController.swift; sourceTree = "<group>"; };
		0B34B2AE27D9F232005781A0 /* Base */ = {isa = PBXFileReference; lastKnownFileType = file.storyboard; name = Base; path = Base.lproj/Main.storyboard; sourceTree = "<group>"; };
		0B34B2B027D9F233005781A0 /* Assets.xcassets */ = {isa = PBXFileReference; lastKnownFileType = folder.assetcatalog; path = Assets.xcassets; sourceTree = "<group>"; };
		0B34B2B327D9F233005781A0 /* Base */ = {isa = PBXFileReference; lastKnownFileType = file.storyboard; name = Base; path = Base.lproj/LaunchScreen.storyboard; sourceTree = "<group>"; };
		0B34B2B527D9F233005781A0 /* Info.plist */ = {isa = PBXFileReference; lastKnownFileType = text.plist.xml; path = Info.plist; sourceTree = "<group>"; };
		0B34B2BA27D9F233005781A0 /* Chat_MVVM_FirestoreTests.xctest */ = {isa = PBXFileReference; explicitFileType = wrapper.cfbundle; includeInIndex = 0; path = Chat_MVVM_FirestoreTests.xctest; sourceTree = BUILT_PRODUCTS_DIR; };
		0B34B2BE27D9F233005781A0 /* Chat_MVVM_FirestoreTests.swift */ = {isa = PBXFileReference; lastKnownFileType = sourcecode.swift; path = Chat_MVVM_FirestoreTests.swift; sourceTree = "<group>"; };
		0B34B2C427D9F233005781A0 /* Chat_MVVM_FirestoreUITests.xctest */ = {isa = PBXFileReference; explicitFileType = wrapper.cfbundle; includeInIndex = 0; path = Chat_MVVM_FirestoreUITests.xctest; sourceTree = BUILT_PRODUCTS_DIR; };
		0B34B2C827D9F233005781A0 /* Chat_MVVM_FirestoreUITests.swift */ = {isa = PBXFileReference; lastKnownFileType = sourcecode.swift; path = Chat_MVVM_FirestoreUITests.swift; sourceTree = "<group>"; };
		0B34B2CA27D9F233005781A0 /* Chat_MVVM_FirestoreUITestsLaunchTests.swift */ = {isa = PBXFileReference; lastKnownFileType = sourcecode.swift; path = Chat_MVVM_FirestoreUITestsLaunchTests.swift; sourceTree = "<group>"; };
		0B34B2D727D9F266005781A0 /* ConversationsController.swift */ = {isa = PBXFileReference; lastKnownFileType = sourcecode.swift; path = ConversationsController.swift; sourceTree = "<group>"; };
		0BC4382427D9F4D300C1885C /* LoginController.swift */ = {isa = PBXFileReference; lastKnownFileType = sourcecode.swift; path = LoginController.swift; sourceTree = "<group>"; };
		0BC4382627D9F4DD00C1885C /* RegistrationController.swift */ = {isa = PBXFileReference; lastKnownFileType = sourcecode.swift; path = RegistrationController.swift; sourceTree = "<group>"; };
		0BC4382927D9FFE600C1885C /* UIView+Extension.swift */ = {isa = PBXFileReference; lastKnownFileType = sourcecode.swift; path = "UIView+Extension.swift"; sourceTree = "<group>"; };
		0BC4382C27DA276800C1885C /* InputContainerView.swift */ = {isa = PBXFileReference; lastKnownFileType = sourcecode.swift; path = InputContainerView.swift; sourceTree = "<group>"; };
		0BC4382E27DA590400C1885C /* CustomTextField.swift */ = {isa = PBXFileReference; lastKnownFileType = sourcecode.swift; path = CustomTextField.swift; sourceTree = "<group>"; };
/* End PBXFileReference section */

/* Begin PBXFrameworksBuildPhase section */
		0B34B2A127D9F232005781A0 /* Frameworks */ = {
			isa = PBXFrameworksBuildPhase;
			buildActionMask = 2147483647;
			files = (
			);
			runOnlyForDeploymentPostprocessing = 0;
		};
		0B34B2B727D9F233005781A0 /* Frameworks */ = {
			isa = PBXFrameworksBuildPhase;
			buildActionMask = 2147483647;
			files = (
			);
			runOnlyForDeploymentPostprocessing = 0;
		};
		0B34B2C127D9F233005781A0 /* Frameworks */ = {
			isa = PBXFrameworksBuildPhase;
			buildActionMask = 2147483647;
			files = (
			);
			runOnlyForDeploymentPostprocessing = 0;
		};
/* End PBXFrameworksBuildPhase section */

/* Begin PBXGroup section */
		0B34B29B27D9F232005781A0 = {
			isa = PBXGroup;
			children = (
				0B34B2A627D9F232005781A0 /* Chat_MVVM_Firestore */,
				0B34B2BD27D9F233005781A0 /* Chat_MVVM_FirestoreTests */,
				0B34B2C727D9F233005781A0 /* Chat_MVVM_FirestoreUITests */,
				0B34B2A527D9F232005781A0 /* Products */,
			);
			sourceTree = "<group>";
		};
		0B34B2A527D9F232005781A0 /* Products */ = {
			isa = PBXGroup;
			children = (
				0B34B2A427D9F232005781A0 /* Chat_MVVM_Firestore.app */,
				0B34B2BA27D9F233005781A0 /* Chat_MVVM_FirestoreTests.xctest */,
				0B34B2C427D9F233005781A0 /* Chat_MVVM_FirestoreUITests.xctest */,
			);
			name = Products;
			sourceTree = "<group>";
		};
		0B34B2A627D9F232005781A0 /* Chat_MVVM_Firestore */ = {
			isa = PBXGroup;
			children = (
				0B34B2A727D9F232005781A0 /* AppDelegate.swift */,
				0B34B2A927D9F232005781A0 /* SceneDelegate.swift */,
				0BC4382B27DA274A00C1885C /* Views */,
				0BC4382827D9FFAB00C1885C /* Extensions */,
				0BC4382227D9F38C00C1885C /* Controllers */,
				0B34B2AB27D9F232005781A0 /* ViewController.swift */,
				0B34B2AD27D9F232005781A0 /* Main.storyboard */,
				0B34B2B027D9F233005781A0 /* Assets.xcassets */,
				0B34B2B227D9F233005781A0 /* LaunchScreen.storyboard */,
				0B34B2B527D9F233005781A0 /* Info.plist */,
			);
			path = Chat_MVVM_Firestore;
			sourceTree = "<group>";
		};
		0B34B2BD27D9F233005781A0 /* Chat_MVVM_FirestoreTests */ = {
			isa = PBXGroup;
			children = (
				0B34B2BE27D9F233005781A0 /* Chat_MVVM_FirestoreTests.swift */,
			);
			path = Chat_MVVM_FirestoreTests;
			sourceTree = "<group>";
		};
		0B34B2C727D9F233005781A0 /* Chat_MVVM_FirestoreUITests */ = {
			isa = PBXGroup;
			children = (
				0B34B2C827D9F233005781A0 /* Chat_MVVM_FirestoreUITests.swift */,
				0B34B2CA27D9F233005781A0 /* Chat_MVVM_FirestoreUITestsLaunchTests.swift */,
			);
			path = Chat_MVVM_FirestoreUITests;
			sourceTree = "<group>";
		};
		0BC4382227D9F38C00C1885C /* Controllers */ = {
			isa = PBXGroup;
			children = (
				0BC4382327D9F49D00C1885C /* Authentication */,
				0B34B2D727D9F266005781A0 /* ConversationsController.swift */,
			);
			path = Controllers;
			sourceTree = "<group>";
		};
		0BC4382327D9F49D00C1885C /* Authentication */ = {
			isa = PBXGroup;
			children = (
				0BC4382427D9F4D300C1885C /* LoginController.swift */,
				0BC4382627D9F4DD00C1885C /* RegistrationController.swift */,
			);
			path = Authentication;
			sourceTree = "<group>";
		};
		0BC4382827D9FFAB00C1885C /* Extensions */ = {
			isa = PBXGroup;
			children = (
				0BC4382927D9FFE600C1885C /* UIView+Extension.swift */,
			);
			path = Extensions;
			sourceTree = "<group>";
		};
		0BC4382B27DA274A00C1885C /* Views */ = {
			isa = PBXGroup;
			children = (
				0BC4382C27DA276800C1885C /* InputContainerView.swift */,
				0BC4382E27DA590400C1885C /* CustomTextField.swift */,
			);
			path = Views;
			sourceTree = "<group>";
		};
/* End PBXGroup section */

/* Begin PBXNativeTarget section */
		0B34B2A327D9F232005781A0 /* Chat_MVVM_Firestore */ = {
			isa = PBXNativeTarget;
			buildConfigurationList = 0B34B2CE27D9F233005781A0 /* Build configuration list for PBXNativeTarget "Chat_MVVM_Firestore" */;
			buildPhases = (
				0B34B2A027D9F232005781A0 /* Sources */,
				0B34B2A127D9F232005781A0 /* Frameworks */,
				0B34B2A227D9F232005781A0 /* Resources */,
			);
			buildRules = (
			);
			dependencies = (
			);
			name = Chat_MVVM_Firestore;
			productName = Chat_MVVM_Firestore;
			productReference = 0B34B2A427D9F232005781A0 /* Chat_MVVM_Firestore.app */;
			productType = "com.apple.product-type.application";
		};
		0B34B2B927D9F233005781A0 /* Chat_MVVM_FirestoreTests */ = {
			isa = PBXNativeTarget;
			buildConfigurationList = 0B34B2D127D9F233005781A0 /* Build configuration list for PBXNativeTarget "Chat_MVVM_FirestoreTests" */;
			buildPhases = (
				0B34B2B627D9F233005781A0 /* Sources */,
				0B34B2B727D9F233005781A0 /* Frameworks */,
				0B34B2B827D9F233005781A0 /* Resources */,
			);
			buildRules = (
			);
			dependencies = (
				0B34B2BC27D9F233005781A0 /* PBXTargetDependency */,
			);
			name = Chat_MVVM_FirestoreTests;
			productName = Chat_MVVM_FirestoreTests;
			productReference = 0B34B2BA27D9F233005781A0 /* Chat_MVVM_FirestoreTests.xctest */;
			productType = "com.apple.product-type.bundle.unit-test";
		};
		0B34B2C327D9F233005781A0 /* Chat_MVVM_FirestoreUITests */ = {
			isa = PBXNativeTarget;
			buildConfigurationList = 0B34B2D427D9F233005781A0 /* Build configuration list for PBXNativeTarget "Chat_MVVM_FirestoreUITests" */;
			buildPhases = (
				0B34B2C027D9F233005781A0 /* Sources */,
				0B34B2C127D9F233005781A0 /* Frameworks */,
				0B34B2C227D9F233005781A0 /* Resources */,
			);
			buildRules = (
			);
			dependencies = (
				0B34B2C627D9F233005781A0 /* PBXTargetDependency */,
			);
			name = Chat_MVVM_FirestoreUITests;
			productName = Chat_MVVM_FirestoreUITests;
			productReference = 0B34B2C427D9F233005781A0 /* Chat_MVVM_FirestoreUITests.xctest */;
			productType = "com.apple.product-type.bundle.ui-testing";
		};
/* End PBXNativeTarget section */

/* Begin PBXProject section */
		0B34B29C27D9F232005781A0 /* Project object */ = {
			isa = PBXProject;
			attributes = {
				BuildIndependentTargetsInParallel = 1;
				LastSwiftUpdateCheck = 1310;
				LastUpgradeCheck = 1310;
				TargetAttributes = {
					0B34B2A327D9F232005781A0 = {
						CreatedOnToolsVersion = 13.1;
					};
					0B34B2B927D9F233005781A0 = {
						CreatedOnToolsVersion = 13.1;
						TestTargetID = 0B34B2A327D9F232005781A0;
					};
					0B34B2C327D9F233005781A0 = {
						CreatedOnToolsVersion = 13.1;
						TestTargetID = 0B34B2A327D9F232005781A0;
					};
				};
			};
			buildConfigurationList = 0B34B29F27D9F232005781A0 /* Build configuration list for PBXProject "Chat_MVVM_Firestore" */;
			compatibilityVersion = "Xcode 13.0";
			developmentRegion = en;
			hasScannedForEncodings = 0;
			knownRegions = (
				en,
				Base,
			);
			mainGroup = 0B34B29B27D9F232005781A0;
			productRefGroup = 0B34B2A527D9F232005781A0 /* Products */;
			projectDirPath = "";
			projectRoot = "";
			targets = (
				0B34B2A327D9F232005781A0 /* Chat_MVVM_Firestore */,
				0B34B2B927D9F233005781A0 /* Chat_MVVM_FirestoreTests */,
				0B34B2C327D9F233005781A0 /* Chat_MVVM_FirestoreUITests */,
			);
		};
/* End PBXProject section */

/* Begin PBXResourcesBuildPhase section */
		0B34B2A227D9F232005781A0 /* Resources */ = {
			isa = PBXResourcesBuildPhase;
			buildActionMask = 2147483647;
			files = (
				0B34B2B427D9F233005781A0 /* LaunchScreen.storyboard in Resources */,
				0B34B2B127D9F233005781A0 /* Assets.xcassets in Resources */,
				0B34B2AF27D9F232005781A0 /* Main.storyboard in Resources */,
			);
			runOnlyForDeploymentPostprocessing = 0;
		};
		0B34B2B827D9F233005781A0 /* Resources */ = {
			isa = PBXResourcesBuildPhase;
			buildActionMask = 2147483647;
			files = (
			);
			runOnlyForDeploymentPostprocessing = 0;
		};
		0B34B2C227D9F233005781A0 /* Resources */ = {
			isa = PBXResourcesBuildPhase;
			buildActionMask = 2147483647;
			files = (
			);
			runOnlyForDeploymentPostprocessing = 0;
		};
/* End PBXResourcesBuildPhase section */

/* Begin PBXSourcesBuildPhase section */
		0B34B2A027D9F232005781A0 /* Sources */ = {
			isa = PBXSourcesBuildPhase;
			buildActionMask = 2147483647;
			files = (
				0B34B2AC27D9F232005781A0 /* ViewController.swift in Sources */,
				0BC4382D27DA276800C1885C /* InputContainerView.swift in Sources */,
				0BC4382A27D9FFE600C1885C /* UIView+Extension.swift in Sources */,
				0B34B2A827D9F232005781A0 /* AppDelegate.swift in Sources */,
				0B34B2D827D9F266005781A0 /* ConversationsController.swift in Sources */,
				0B34B2AA27D9F232005781A0 /* SceneDelegate.swift in Sources */,
				0BC4382727D9F4DD00C1885C /* RegistrationController.swift in Sources */,
				0BC4382527D9F4D300C1885C /* LoginController.swift in Sources */,
				0BC4382F27DA590400C1885C /* CustomTextField.swift in Sources */,
			);
			runOnlyForDeploymentPostprocessing = 0;
		};
		0B34B2B627D9F233005781A0 /* Sources */ = {
			isa = PBXSourcesBuildPhase;
			buildActionMask = 2147483647;
			files = (
				0B34B2BF27D9F233005781A0 /* Chat_MVVM_FirestoreTests.swift in Sources */,
			);
			runOnlyForDeploymentPostprocessing = 0;
		};
		0B34B2C027D9F233005781A0 /* Sources */ = {
			isa = PBXSourcesBuildPhase;
			buildActionMask = 2147483647;
			files = (
				0B34B2CB27D9F233005781A0 /* Chat_MVVM_FirestoreUITestsLaunchTests.swift in Sources */,
				0B34B2C927D9F233005781A0 /* Chat_MVVM_FirestoreUITests.swift in Sources */,
			);
			runOnlyForDeploymentPostprocessing = 0;
		};
/* End PBXSourcesBuildPhase section */

/* Begin PBXTargetDependency section */
		0B34B2BC27D9F233005781A0 /* PBXTargetDependency */ = {
			isa = PBXTargetDependency;
			target = 0B34B2A327D9F232005781A0 /* Chat_MVVM_Firestore */;
			targetProxy = 0B34B2BB27D9F233005781A0 /* PBXContainerItemProxy */;
		};
		0B34B2C627D9F233005781A0 /* PBXTargetDependency */ = {
			isa = PBXTargetDependency;
			target = 0B34B2A327D9F232005781A0 /* Chat_MVVM_Firestore */;
			targetProxy = 0B34B2C527D9F233005781A0 /* PBXContainerItemProxy */;
		};
/* End PBXTargetDependency section */

/* Begin PBXVariantGroup section */
		0B34B2AD27D9F232005781A0 /* Main.storyboard */ = {
			isa = PBXVariantGroup;
			children = (
				0B34B2AE27D9F232005781A0 /* Base */,
			);
			name = Main.storyboard;
			sourceTree = "<group>";
		};
		0B34B2B227D9F233005781A0 /* LaunchScreen.storyboard */ = {
			isa = PBXVariantGroup;
			children = (
				0B34B2B327D9F233005781A0 /* Base */,
			);
			name = LaunchScreen.storyboard;
			sourceTree = "<group>";
		};
/* End PBXVariantGroup section */

/* Begin XCBuildConfiguration section */
		0B34B2CC27D9F233005781A0 /* Debug */ = {
			isa = XCBuildConfiguration;
			buildSettings = {
				ALWAYS_SEARCH_USER_PATHS = NO;
				CLANG_ANALYZER_NONNULL = YES;
				CLANG_ANALYZER_NUMBER_OBJECT_CONVERSION = YES_AGGRESSIVE;
				CLANG_CXX_LANGUAGE_STANDARD = "gnu++17";
				CLANG_CXX_LIBRARY = "libc++";
				CLANG_ENABLE_MODULES = YES;
				CLANG_ENABLE_OBJC_ARC = YES;
				CLANG_ENABLE_OBJC_WEAK = YES;
				CLANG_WARN_BLOCK_CAPTURE_AUTORELEASING = YES;
				CLANG_WARN_BOOL_CONVERSION = YES;
				CLANG_WARN_COMMA = YES;
				CLANG_WARN_CONSTANT_CONVERSION = YES;
				CLANG_WARN_DEPRECATED_OBJC_IMPLEMENTATIONS = YES;
				CLANG_WARN_DIRECT_OBJC_ISA_USAGE = YES_ERROR;
				CLANG_WARN_DOCUMENTATION_COMMENTS = YES;
				CLANG_WARN_EMPTY_BODY = YES;
				CLANG_WARN_ENUM_CONVERSION = YES;
				CLANG_WARN_INFINITE_RECURSION = YES;
				CLANG_WARN_INT_CONVERSION = YES;
				CLANG_WARN_NON_LITERAL_NULL_CONVERSION = YES;
				CLANG_WARN_OBJC_IMPLICIT_RETAIN_SELF = YES;
				CLANG_WARN_OBJC_LITERAL_CONVERSION = YES;
				CLANG_WARN_OBJC_ROOT_CLASS = YES_ERROR;
				CLANG_WARN_QUOTED_INCLUDE_IN_FRAMEWORK_HEADER = YES;
				CLANG_WARN_RANGE_LOOP_ANALYSIS = YES;
				CLANG_WARN_STRICT_PROTOTYPES = YES;
				CLANG_WARN_SUSPICIOUS_MOVE = YES;
				CLANG_WARN_UNGUARDED_AVAILABILITY = YES_AGGRESSIVE;
				CLANG_WARN_UNREACHABLE_CODE = YES;
				CLANG_WARN__DUPLICATE_METHOD_MATCH = YES;
				COPY_PHASE_STRIP = NO;
				DEBUG_INFORMATION_FORMAT = dwarf;
				ENABLE_STRICT_OBJC_MSGSEND = YES;
				ENABLE_TESTABILITY = YES;
				GCC_C_LANGUAGE_STANDARD = gnu11;
				GCC_DYNAMIC_NO_PIC = NO;
				GCC_NO_COMMON_BLOCKS = YES;
				GCC_OPTIMIZATION_LEVEL = 0;
				GCC_PREPROCESSOR_DEFINITIONS = (
					"DEBUG=1",
					"$(inherited)",
				);
				GCC_WARN_64_TO_32_BIT_CONVERSION = YES;
				GCC_WARN_ABOUT_RETURN_TYPE = YES_ERROR;
				GCC_WARN_UNDECLARED_SELECTOR = YES;
				GCC_WARN_UNINITIALIZED_AUTOS = YES_AGGRESSIVE;
				GCC_WARN_UNUSED_FUNCTION = YES;
				GCC_WARN_UNUSED_VARIABLE = YES;
				IPHONEOS_DEPLOYMENT_TARGET = 15.0;
				MTL_ENABLE_DEBUG_INFO = INCLUDE_SOURCE;
				MTL_FAST_MATH = YES;
				ONLY_ACTIVE_ARCH = YES;
				SDKROOT = iphoneos;
				SWIFT_ACTIVE_COMPILATION_CONDITIONS = DEBUG;
				SWIFT_OPTIMIZATION_LEVEL = "-Onone";
			};
			name = Debug;
		};
		0B34B2CD27D9F233005781A0 /* Release */ = {
			isa = XCBuildConfiguration;
			buildSettings = {
				ALWAYS_SEARCH_USER_PATHS = NO;
				CLANG_ANALYZER_NONNULL = YES;
				CLANG_ANALYZER_NUMBER_OBJECT_CONVERSION = YES_AGGRESSIVE;
				CLANG_CXX_LANGUAGE_STANDARD = "gnu++17";
				CLANG_CXX_LIBRARY = "libc++";
				CLANG_ENABLE_MODULES = YES;
				CLANG_ENABLE_OBJC_ARC = YES;
				CLANG_ENABLE_OBJC_WEAK = YES;
				CLANG_WARN_BLOCK_CAPTURE_AUTORELEASING = YES;
				CLANG_WARN_BOOL_CONVERSION = YES;
				CLANG_WARN_COMMA = YES;
				CLANG_WARN_CONSTANT_CONVERSION = YES;
				CLANG_WARN_DEPRECATED_OBJC_IMPLEMENTATIONS = YES;
				CLANG_WARN_DIRECT_OBJC_ISA_USAGE = YES_ERROR;
				CLANG_WARN_DOCUMENTATION_COMMENTS = YES;
				CLANG_WARN_EMPTY_BODY = YES;
				CLANG_WARN_ENUM_CONVERSION = YES;
				CLANG_WARN_INFINITE_RECURSION = YES;
				CLANG_WARN_INT_CONVERSION = YES;
				CLANG_WARN_NON_LITERAL_NULL_CONVERSION = YES;
				CLANG_WARN_OBJC_IMPLICIT_RETAIN_SELF = YES;
				CLANG_WARN_OBJC_LITERAL_CONVERSION = YES;
				CLANG_WARN_OBJC_ROOT_CLASS = YES_ERROR;
				CLANG_WARN_QUOTED_INCLUDE_IN_FRAMEWORK_HEADER = YES;
				CLANG_WARN_RANGE_LOOP_ANALYSIS = YES;
				CLANG_WARN_STRICT_PROTOTYPES = YES;
				CLANG_WARN_SUSPICIOUS_MOVE = YES;
				CLANG_WARN_UNGUARDED_AVAILABILITY = YES_AGGRESSIVE;
				CLANG_WARN_UNREACHABLE_CODE = YES;
				CLANG_WARN__DUPLICATE_METHOD_MATCH = YES;
				COPY_PHASE_STRIP = NO;
				DEBUG_INFORMATION_FORMAT = "dwarf-with-dsym";
				ENABLE_NS_ASSERTIONS = NO;
				ENABLE_STRICT_OBJC_MSGSEND = YES;
				GCC_C_LANGUAGE_STANDARD = gnu11;
				GCC_NO_COMMON_BLOCKS = YES;
				GCC_WARN_64_TO_32_BIT_CONVERSION = YES;
				GCC_WARN_ABOUT_RETURN_TYPE = YES_ERROR;
				GCC_WARN_UNDECLARED_SELECTOR = YES;
				GCC_WARN_UNINITIALIZED_AUTOS = YES_AGGRESSIVE;
				GCC_WARN_UNUSED_FUNCTION = YES;
				GCC_WARN_UNUSED_VARIABLE = YES;
				IPHONEOS_DEPLOYMENT_TARGET = 15.0;
				MTL_ENABLE_DEBUG_INFO = NO;
				MTL_FAST_MATH = YES;
				SDKROOT = iphoneos;
				SWIFT_COMPILATION_MODE = wholemodule;
				SWIFT_OPTIMIZATION_LEVEL = "-O";
				VALIDATE_PRODUCT = YES;
			};
			name = Release;
		};
		0B34B2CF27D9F233005781A0 /* Debug */ = {
			isa = XCBuildConfiguration;
			buildSettings = {
				ASSETCATALOG_COMPILER_APPICON_NAME = AppIcon;
				ASSETCATALOG_COMPILER_GLOBAL_ACCENT_COLOR_NAME = AccentColor;
				CODE_SIGN_STYLE = Automatic;
				CURRENT_PROJECT_VERSION = 1;
				GENERATE_INFOPLIST_FILE = YES;
				INFOPLIST_FILE = Chat_MVVM_Firestore/Info.plist;
				INFOPLIST_KEY_UIApplicationSupportsIndirectInputEvents = YES;
				INFOPLIST_KEY_UILaunchStoryboardName = LaunchScreen;
				INFOPLIST_KEY_UIMainStoryboardFile = Main;
				INFOPLIST_KEY_UISupportedInterfaceOrientations_iPad = "UIInterfaceOrientationPortrait UIInterfaceOrientationPortraitUpsideDown UIInterfaceOrientationLandscapeLeft UIInterfaceOrientationLandscapeRight";
				INFOPLIST_KEY_UISupportedInterfaceOrientations_iPhone = "UIInterfaceOrientationPortrait UIInterfaceOrientationLandscapeLeft UIInterfaceOrientationLandscapeRight";
				LD_RUNPATH_SEARCH_PATHS = (
					"$(inherited)",
					"@executable_path/Frameworks",
				);
				MARKETING_VERSION = 1.0;
				PRODUCT_BUNDLE_IDENTIFIER = "kirilldutov.Chat-MVVM-Firestore";
				PRODUCT_NAME = "$(TARGET_NAME)";
				SWIFT_EMIT_LOC_STRINGS = YES;
				SWIFT_VERSION = 5.0;
				TARGETED_DEVICE_FAMILY = "1,2";
			};
			name = Debug;
		};
		0B34B2D027D9F233005781A0 /* Release */ = {
			isa = XCBuildConfiguration;
			buildSettings = {
				ASSETCATALOG_COMPILER_APPICON_NAME = AppIcon;
				ASSETCATALOG_COMPILER_GLOBAL_ACCENT_COLOR_NAME = AccentColor;
				CODE_SIGN_STYLE = Automatic;
				CURRENT_PROJECT_VERSION = 1;
				GENERATE_INFOPLIST_FILE = YES;
				INFOPLIST_FILE = Chat_MVVM_Firestore/Info.plist;
				INFOPLIST_KEY_UIApplicationSupportsIndirectInputEvents = YES;
				INFOPLIST_KEY_UILaunchStoryboardName = LaunchScreen;
				INFOPLIST_KEY_UIMainStoryboardFile = Main;
				INFOPLIST_KEY_UISupportedInterfaceOrientations_iPad = "UIInterfaceOrientationPortrait UIInterfaceOrientationPortraitUpsideDown UIInterfaceOrientationLandscapeLeft UIInterfaceOrientationLandscapeRight";
				INFOPLIST_KEY_UISupportedInterfaceOrientations_iPhone = "UIInterfaceOrientationPortrait UIInterfaceOrientationLandscapeLeft UIInterfaceOrientationLandscapeRight";
				LD_RUNPATH_SEARCH_PATHS = (
					"$(inherited)",
					"@executable_path/Frameworks",
				);
				MARKETING_VERSION = 1.0;
				PRODUCT_BUNDLE_IDENTIFIER = "kirilldutov.Chat-MVVM-Firestore";
				PRODUCT_NAME = "$(TARGET_NAME)";
				SWIFT_EMIT_LOC_STRINGS = YES;
				SWIFT_VERSION = 5.0;
				TARGETED_DEVICE_FAMILY = "1,2";
			};
			name = Release;
		};
		0B34B2D227D9F233005781A0 /* Debug */ = {
			isa = XCBuildConfiguration;
			buildSettings = {
				ALWAYS_EMBED_SWIFT_STANDARD_LIBRARIES = YES;
				BUNDLE_LOADER = "$(TEST_HOST)";
				CODE_SIGN_STYLE = Automatic;
				CURRENT_PROJECT_VERSION = 1;
				GENERATE_INFOPLIST_FILE = YES;
				IPHONEOS_DEPLOYMENT_TARGET = 15.0;
				LD_RUNPATH_SEARCH_PATHS = (
					"$(inherited)",
					"@executable_path/Frameworks",
					"@loader_path/Frameworks",
				);
				MARKETING_VERSION = 1.0;
				PRODUCT_BUNDLE_IDENTIFIER = "kirilldutov.Chat-MVVM-FirestoreTests";
				PRODUCT_NAME = "$(TARGET_NAME)";
				SWIFT_EMIT_LOC_STRINGS = NO;
				SWIFT_VERSION = 5.0;
				TARGETED_DEVICE_FAMILY = "1,2";
				TEST_HOST = "$(BUILT_PRODUCTS_DIR)/Chat_MVVM_Firestore.app/Chat_MVVM_Firestore";
			};
			name = Debug;
		};
		0B34B2D327D9F233005781A0 /* Release */ = {
			isa = XCBuildConfiguration;
			buildSettings = {
				ALWAYS_EMBED_SWIFT_STANDARD_LIBRARIES = YES;
				BUNDLE_LOADER = "$(TEST_HOST)";
				CODE_SIGN_STYLE = Automatic;
				CURRENT_PROJECT_VERSION = 1;
				GENERATE_INFOPLIST_FILE = YES;
				IPHONEOS_DEPLOYMENT_TARGET = 15.0;
				LD_RUNPATH_SEARCH_PATHS = (
					"$(inherited)",
					"@executable_path/Frameworks",
					"@loader_path/Frameworks",
				);
				MARKETING_VERSION = 1.0;
				PRODUCT_BUNDLE_IDENTIFIER = "kirilldutov.Chat-MVVM-FirestoreTests";
				PRODUCT_NAME = "$(TARGET_NAME)";
				SWIFT_EMIT_LOC_STRINGS = NO;
				SWIFT_VERSION = 5.0;
				TARGETED_DEVICE_FAMILY = "1,2";
				TEST_HOST = "$(BUILT_PRODUCTS_DIR)/Chat_MVVM_Firestore.app/Chat_MVVM_Firestore";
			};
			name = Release;
		};
		0B34B2D527D9F233005781A0 /* Debug */ = {
			isa = XCBuildConfiguration;
			buildSettings = {
				ALWAYS_EMBED_SWIFT_STANDARD_LIBRARIES = YES;
				CODE_SIGN_STYLE = Automatic;
				CURRENT_PROJECT_VERSION = 1;
				GENERATE_INFOPLIST_FILE = YES;
				LD_RUNPATH_SEARCH_PATHS = (
					"$(inherited)",
					"@executable_path/Frameworks",
					"@loader_path/Frameworks",
				);
				MARKETING_VERSION = 1.0;
				PRODUCT_BUNDLE_IDENTIFIER = "kirilldutov.Chat-MVVM-FirestoreUITests";
				PRODUCT_NAME = "$(TARGET_NAME)";
				SWIFT_EMIT_LOC_STRINGS = NO;
				SWIFT_VERSION = 5.0;
				TARGETED_DEVICE_FAMILY = "1,2";
				TEST_TARGET_NAME = Chat_MVVM_Firestore;
			};
			name = Debug;
		};
		0B34B2D627D9F233005781A0 /* Release */ = {
			isa = XCBuildConfiguration;
			buildSettings = {
				ALWAYS_EMBED_SWIFT_STANDARD_LIBRARIES = YES;
				CODE_SIGN_STYLE = Automatic;
				CURRENT_PROJECT_VERSION = 1;
				GENERATE_INFOPLIST_FILE = YES;
				LD_RUNPATH_SEARCH_PATHS = (
					"$(inherited)",
					"@executable_path/Frameworks",
					"@loader_path/Frameworks",
				);
				MARKETING_VERSION = 1.0;
				PRODUCT_BUNDLE_IDENTIFIER = "kirilldutov.Chat-MVVM-FirestoreUITests";
				PRODUCT_NAME = "$(TARGET_NAME)";
				SWIFT_EMIT_LOC_STRINGS = NO;
				SWIFT_VERSION = 5.0;
				TARGETED_DEVICE_FAMILY = "1,2";
				TEST_TARGET_NAME = Chat_MVVM_Firestore;
			};
			name = Release;
		};
/* End XCBuildConfiguration section */

/* Begin XCConfigurationList section */
		0B34B29F27D9F232005781A0 /* Build configuration list for PBXProject "Chat_MVVM_Firestore" */ = {
			isa = XCConfigurationList;
			buildConfigurations = (
				0B34B2CC27D9F233005781A0 /* Debug */,
				0B34B2CD27D9F233005781A0 /* Release */,
			);
			defaultConfigurationIsVisible = 0;
			defaultConfigurationName = Release;
		};
		0B34B2CE27D9F233005781A0 /* Build configuration list for PBXNativeTarget "Chat_MVVM_Firestore" */ = {
			isa = XCConfigurationList;
			buildConfigurations = (
				0B34B2CF27D9F233005781A0 /* Debug */,
				0B34B2D027D9F233005781A0 /* Release */,
			);
			defaultConfigurationIsVisible = 0;
			defaultConfigurationName = Release;
		};
		0B34B2D127D9F233005781A0 /* Build configuration list for PBXNativeTarget "Chat_MVVM_FirestoreTests" */ = {
			isa = XCConfigurationList;
			buildConfigurations = (
				0B34B2D227D9F233005781A0 /* Debug */,
				0B34B2D327D9F233005781A0 /* Release */,
			);
			defaultConfigurationIsVisible = 0;
			defaultConfigurationName = Release;
		};
		0B34B2D427D9F233005781A0 /* Build configuration list for PBXNativeTarget "Chat_MVVM_FirestoreUITests" */ = {
			isa = XCConfigurationList;
			buildConfigurations = (
				0B34B2D527D9F233005781A0 /* Debug */,
				0B34B2D627D9F233005781A0 /* Release */,
			);
			defaultConfigurationIsVisible = 0;
			defaultConfigurationName = Release;
		};
/* End XCConfigurationList section */
	};
	rootObject = 0B34B29C27D9F232005781A0 /* Project object */;
}
